
Microsoft Visual Studio Solution File, Format Version 12.00
# Visual Studio 2012
Project("{FAE04EC0-301F-11D3-BF4B-00C04F79EFBC}") = "while_loop", "while_loop\while_loop.csproj", "{6DA2F9A4-070D-450D-BEF9-5D46449E6FA1}"
EndProject
Global
	GlobalSection(SolutionConfigurationPlatforms) = preSolution
		Debug|Any CPU = Debug|Any CPU
		Release|Any CPU = Release|Any CPU
	EndGlobalSection
	GlobalSection(ProjectConfigurationPlatforms) = postSolution
		{6DA2F9A4-070D-450D-BEF9-5D46449E6FA1}.Debug|Any CPU.ActiveCfg = Debug|Any CPU
		{6DA2F9A4-070D-450D-BEF9-5D46449E6FA1}.Debug|Any CPU.Build.0 = Debug|Any CPU
		{6DA2F9A4-070D-450D-BEF9-5D46449E6FA1}.Release|Any CPU.ActiveCfg = Release|Any CPU
		{6DA2F9A4-070D-450D-BEF9-5D46449E6FA1}.Release|Any CPU.Build.0 = Release|Any CPU
	EndGlobalSection
EndGlobal
